
Microsoft Visual Studio Solution File, Format Version 12.00
# Visual Studio Version 17
VisualStudioVersion = 17.14.36327.8 d17.14
MinimumVisualStudioVersion = 10.0.40219.1
Project("{FAE04EC0-301F-11D3-BF4B-00C04F79EFBC}") = "TallerPOO-GestionPersonas", "TallerPOO-GestionPersonas\TallerPOO-GestionPersonas.csproj", "{19276E77-9196-44C2-ADE4-58C5BBF6AC20}"
EndProject
Global
	GlobalSection(SolutionConfigurationPlatforms) = preSolution
		Debug|Any CPU = Debug|Any CPU
		Release|Any CPU = Release|Any CPU
	EndGlobalSection
	GlobalSection(ProjectConfigurationPlatforms) = postSolution
		{19276E77-9196-44C2-ADE4-58C5BBF6AC20}.Debug|Any CPU.ActiveCfg = Debug|Any CPU
		{19276E77-9196-44C2-ADE4-58C5BBF6AC20}.Debug|Any CPU.Build.0 = Debug|Any CPU
		{19276E77-9196-44C2-ADE4-58C5BBF6AC20}.Release|Any CPU.ActiveCfg = Release|Any CPU
		{19276E77-9196-44C2-ADE4-58C5BBF6AC20}.Release|Any CPU.Build.0 = Release|Any CPU
	EndGlobalSection
	GlobalSection(SolutionProperties) = preSolution
		HideSolutionNode = FALSE
	EndGlobalSection
	GlobalSection(ExtensibilityGlobals) = postSolution
		SolutionGuid = {A556286E-256C-49AA-B7D2-FBA8CA498195}
	EndGlobalSection
EndGlobal
